
Microsoft Visual Studio Solution File, Format Version 12.00
# Visual Studio Version 16
VisualStudioVersion = 16.0.30523.141
MinimumVisualStudioVersion = 10.0.40219.1
Project("{FAE04EC0-301F-11D3-BF4B-00C04F79EFBC}") = "postFixProgramming", "postFixProgramming\postFixProgramming.csproj", "{C9B131AD-2315-480F-B70D-1CF377D05E84}"
EndProject
Global
	GlobalSection(SolutionConfigurationPlatforms) = preSolution
		Debug|Any CPU = Debug|Any CPU
		Release|Any CPU = Release|Any CPU
	EndGlobalSection
	GlobalSection(ProjectConfigurationPlatforms) = postSolution
		{C9B131AD-2315-480F-B70D-1CF377D05E84}.Debug|Any CPU.ActiveCfg = Debug|Any CPU
		{C9B131AD-2315-480F-B70D-1CF377D05E84}.Debug|Any CPU.Build.0 = Debug|Any CPU
		{C9B131AD-2315-480F-B70D-1CF377D05E84}.Release|Any CPU.ActiveCfg = Release|Any CPU
		{C9B131AD-2315-480F-B70D-1CF377D05E84}.Release|Any CPU.Build.0 = Release|Any CPU
	EndGlobalSection
	GlobalSection(SolutionProperties) = preSolution
		HideSolutionNode = FALSE
	EndGlobalSection
	GlobalSection(ExtensibilityGlobals) = postSolution
		SolutionGuid = {7369D05E-CA51-4682-B200-B4B41B71A82B}
	EndGlobalSection
EndGlobal
